<Solution>
  <Folder Name="/Core/">
    <Project Path="Core/$safeprojectname.Domain/$safeprojectname.Domain.csproj" />
    <Project Path="Core/$safeprojectname.Application/$safeprojectname.Application.csproj" />
    <Project Path="Core/$safeprojectname.Infrastructure/$safeprojectname.Infrastructure.csproj" />
  </Folder>
  <Folder Name="/Presentation/">
    <Project Path="Presentation/$safeprojectname.Api/$safeprojectname.Api.csproj" />
  </Folder>
</Solution>